{
  "name": "agoric-dapp-@DIR@-contract",
  "version": "0.1.0",
  "lockfileVersion": 1,
  "requires": true,
  "dependencies": {
    "@agoric/babel-parser": {
      "version": "7.6.4",
      "resolved": "https://registry.npmjs.org/@agoric/babel-parser/-/babel-parser-7.6.4.tgz",
      "integrity": "sha512-3FQC3eP2hekhz1zn+2LcSL7tAG2dGgSqbmCeRfIFqhVS8bbE1hR7EvrC6jYlvqdU6yzlly43VykyRy9MHBvUAw=="
    },
    "@agoric/default-evaluate-options": {
      "version": "0.2.7",
      "resolved": "https://registry.npmjs.org/@agoric/default-evaluate-options/-/default-evaluate-options-0.2.7.tgz",
      "integrity": "sha512-g/nlyjibuju9CxeRfkULDMygBGKupwFLKvngtAzCsSycBkCBUHGWbN+AVUOPS80j3P+R3yhP6P6FIoVxjRae0g==",
      "requires": {
        "@agoric/babel-parser": "^7.6.4",
        "@agoric/eventual-send": "^0.4.4",
        "@agoric/transform-eventual-send": "^1.0.3",
        "@babel/generator": "^7.6.4",
        "esm": "^3.2.5"
      }
    },
    "@agoric/ertp": {
      "version": "0.1.11",
      "resolved": "https://registry.npmjs.org/@agoric/ertp/-/ertp-0.1.11.tgz",
      "integrity": "sha512-cKIVApd6BHeI7Vzx77eWhKYxo8w9+iWku05otB7qbGhFZJtrsm73BYCjXD4h/TEAlvsVdJ1fTYSKUVTO9DA1Gw==",
      "requires": {
        "@agoric/evaluate": "^2.1.3",
        "@agoric/eventual-send": "^0.4.4",
        "@agoric/harden": "^0.0.4",
        "@agoric/marshal": "^0.1.1",
        "@agoric/nat": "^2.0.1",
        "ses": "^0.6.4"
      }
    },
    "@agoric/evaluate": {
      "version": "2.1.3",
      "resolved": "https://registry.npmjs.org/@agoric/evaluate/-/evaluate-2.1.3.tgz",
      "integrity": "sha512-UcJTZX4xINir38pkZxMjI1T2QFOMlHyqXekMnZ8NPRbcVaVSMnDbXhs5DnmXTpgti+0LnRRt9+xlesPohMU+2Q==",
      "requires": {
        "@agoric/default-evaluate-options": "^0.2.7",
        "esm": "^3.2.5"
      }
    },
    "@agoric/eventual-send": {
      "version": "0.4.4",
      "resolved": "https://registry.npmjs.org/@agoric/eventual-send/-/eventual-send-0.4.4.tgz",
      "integrity": "sha512-I4hmmU6kRx0CY+8Z8pKZXt+DHeAqxJOFNNH5BGVRjxtZHLrQ7zJOjND+oH2dp02nLH1zdl67ZOg3eNblKf3Otg=="
    },
    "@agoric/harden": {
      "version": "0.0.4",
      "resolved": "https://registry.npmjs.org/@agoric/harden/-/harden-0.0.4.tgz",
      "integrity": "sha512-WvTw2otvchy3mScAvqQcX0l6049xp6cF17/Pw0PNNqUTJtOo/84tE9OyBSjEp8wn/XBNArPaJuRjMhQpIQ775Q==",
      "requires": {
        "@agoric/make-hardener": "0.0.4"
      }
    },
    "@agoric/make-hardener": {
      "version": "0.0.4",
      "resolved": "https://registry.npmjs.org/@agoric/make-hardener/-/make-hardener-0.0.4.tgz",
      "integrity": "sha512-0k/wGkIVQO3IY7p/H/5OS3BIXsRK9Qb7nHnqyvj6hzvSyumwgPp8e4rz5QaVWSen43TGJl+zQn4mW9ZZShT1aw=="
    },
    "@agoric/marshal": {
      "version": "0.1.1",
      "resolved": "https://registry.npmjs.org/@agoric/marshal/-/marshal-0.1.1.tgz",
      "integrity": "sha512-V3m477O3L6CwYgf6PhSI7tXT436kS1oLcAneWyjOHrAD4ZbG5BfQ57/LCAMY8ujxLMsuY9aH3gfNGYTMOeJvXg==",
      "requires": {
        "@agoric/harden": "0.0.4",
        "@agoric/nat": "^2.0.1"
      }
    },
    "@agoric/nat": {
      "version": "2.0.1",
      "resolved": "https://registry.npmjs.org/@agoric/nat/-/nat-2.0.1.tgz",
      "integrity": "sha512-puvWkoaJovQib/YaSRSGJ8Kn9rogi/yyaVa3d5znSZb5WiYfUiEKW35BfexHhAdi0VfPz2anFHoRBoBSUIijNA=="
    },
    "@agoric/transform-eventual-send": {
      "version": "1.0.3",
      "resolved": "https://registry.npmjs.org/@agoric/transform-eventual-send/-/transform-eventual-send-1.0.3.tgz",
      "integrity": "sha512-+k2MIyQIPZsrtEYakpCXk/2XbQ3daPZnfildsmGJmaHF4BBRCWbGAVlcPraiWiVbTrWe1gB01t2q3hDA5YKtHg==",
      "requires": {
        "@agoric/harden": "0.0.4",
        "esm": "^3.2.5"
      }
    },
    "@babel/generator": {
      "version": "7.6.4",
      "resolved": "https://registry.npmjs.org/@babel/generator/-/generator-7.6.4.tgz",
      "integrity": "sha512-jsBuXkFoZxk0yWLyGI9llT9oiQ2FeTASmRFE32U+aaDTfoE92t78eroO7PTpU/OrYq38hlcDM6vbfLDaOLy+7w==",
      "requires": {
        "@babel/types": "^7.6.3",
        "jsesc": "^2.5.1",
        "lodash": "^4.17.13",
        "source-map": "^0.5.0"
      }
    },
    "@babel/types": {
      "version": "7.6.3",
      "resolved": "https://registry.npmjs.org/@babel/types/-/types-7.6.3.tgz",
      "integrity": "sha512-CqbcpTxMcpuQTMhjI37ZHVgjBkysg5icREQIEZ0eG1yCNwg3oy+5AaLiOKmjsCj6nqOsa6Hf0ObjRVwokb7srA==",
      "requires": {
        "esutils": "^2.0.2",
        "lodash": "^4.17.13",
        "to-fast-properties": "^2.0.0"
      }
    },
    "esm": {
      "version": "3.2.25",
      "resolved": "https://registry.npmjs.org/esm/-/esm-3.2.25.tgz",
      "integrity": "sha512-U1suiZ2oDVWv4zPO56S0NcR5QriEahGtdN2OR6FiOG4WJvcjBVFB0qI4+eKoWFH483PKGuLuu6V8Z4T5g63UVA=="
    },
    "esutils": {
      "version": "2.0.3",
      "resolved": "https://registry.npmjs.org/esutils/-/esutils-2.0.3.tgz",
      "integrity": "sha512-kVscqXk4OCp68SZ0dkgEKVi6/8ij300KBWTJq32P/dYeWTSwK41WyTxalN1eRmA5Z9UU/LX9D7FWSmV9SAYx6g=="
    },
    "jsesc": {
      "version": "2.5.2",
      "resolved": "https://registry.npmjs.org/jsesc/-/jsesc-2.5.2.tgz",
      "integrity": "sha512-OYu7XEzjkCQ3C5Ps3QIZsQfNpqoJyZZA99wd9aWd05NCtC5pWOkShK2mkL6HXQR6/Cy2lbNdPlZBpuQHXE63gA=="
    },
    "lodash": {
      "version": "4.17.15",
      "resolved": "https://registry.npmjs.org/lodash/-/lodash-4.17.15.tgz",
      "integrity": "sha512-8xOcRHvCjnocdS5cpwXQXVzmmh5e5+saE2QGoeQmbKmRS6J3VQppPOIt0MnmE+4xlZoumy0GPG0D0MVIQbNA1A=="
    },
    "realms-shim": {
      "version": "1.2.1",
      "resolved": "https://registry.npmjs.org/realms-shim/-/realms-shim-1.2.1.tgz",
      "integrity": "sha512-IS1OrGSFt3k1Sv4Re2NxNrul5XCnc7XRGpaLiBKPU97RKcxVg2NbcZm2YoG5kLo9Emk5YG1gGv9zlNtplQSrMA=="
    },
    "ses": {
      "version": "0.6.4",
      "resolved": "https://registry.npmjs.org/ses/-/ses-0.6.4.tgz",
      "integrity": "sha512-EEGe8FIUSMtkqJn6bjoplpsc9UjivPwqy1XKUdnHUR99SIkXlho8HzXX7mWL1mlwzvqMt5nvqMPE7fLDRmFZpA==",
      "requires": {
        "@agoric/make-hardener": "^0.0.6",
        "esm": "^3.2.25",
        "realms-shim": "^1.2.1"
      },
      "dependencies": {
        "@agoric/make-hardener": {
          "version": "0.0.6",
          "resolved": "https://registry.npmjs.org/@agoric/make-hardener/-/make-hardener-0.0.6.tgz",
          "integrity": "sha512-OpZcNx/7bhHar0iuQ6D+FKYCMMxqKvYs4aC/bB5v/ffZaSM5sNAl98DnGL1mD9NSyZLGzAZ7D5XwJpe37BMldQ=="
        }
      }
    },
    "source-map": {
      "version": "0.5.7",
      "resolved": "https://registry.npmjs.org/source-map/-/source-map-0.5.7.tgz",
      "integrity": "sha1-igOdLRAh0i0eoUyA2OpGi6LvP8w="
    },
    "to-fast-properties": {
      "version": "2.0.0",
      "resolved": "https://registry.npmjs.org/to-fast-properties/-/to-fast-properties-2.0.0.tgz",
      "integrity": "sha1-3F5pjL0HkmW8c+A3doGk5Og/YW4="
    }
  }
}
