{
  "name": "cosmic-swingset",
  "version": "0.1.0",
  "lockfileVersion": 1,
  "requires": true,
  "dependencies": {
    "bindings": {
      "version": "1.2.1",
      "resolved": "https://registry.npmjs.org/bindings/-/bindings-1.2.1.tgz",
      "integrity": "sha1-FK1hE4EtLTfXLme0ystLtyZQXxE=",
      "dev": true
    },
    "napi-thread-safe-callback": {
      "version": "0.0.6",
      "resolved": "https://registry.npmjs.org/napi-thread-safe-callback/-/napi-thread-safe-callback-0.0.6.tgz",
      "integrity": "sha512-X7uHCOCdY4u0yamDxDrv3jF2NtYc8A1nvPzBQgvpoSX+WB3jAe2cVNsY448V1ucq7Whf9Wdy02HEUoLW5rJKWg==",
      "dev": true
    },
    "node-addon-api": {
      "version": "1.6.3",
      "resolved": "https://registry.npmjs.org/node-addon-api/-/node-addon-api-1.6.3.tgz",
      "integrity": "sha512-FXWH6mqjWgU8ewuahp4spec8LkroFZK2NicOv6bNwZC3kcwZUI8LeZdG80UzTSLLhK4T7MsgNwlYDVRlDdfTDg==",
      "dev": true
    }
  }
}
